// !$*UTF8*$!
{
	archiveVersion = 1;
	classes = {
	};
	objectVersion = 46;
	objects = {

/* Begin PBXBuildFile section */
		2B32F39149933C7E930E4ABA /* Pods_TestPayZappStaging.framework in Frameworks */ = {isa = PBXBuildFile; fileRef = AD16D54B4D9C1D86EA3BBC4D /* Pods_TestPayZappStaging.framework */; };
		7895C822DED9DCBB73B23888 /* Pods_TestPayZappStagingTests.framework in Frameworks */ = {isa = PBXBuildFile; fileRef = EB04BFC95C5BFAB9BA41E8A3 /* Pods_TestPayZappStagingTests.framework */; };
		8141FE621D6C36180077693F /* Main.storyboard in Resources */ = {isa = PBXBuildFile; fileRef = 8141FE611D6C36180077693F /* Main.storyboard */; };
		BDB3E3DA1B8575D9009CEA50 /* main.m in Sources */ = {isa = PBXBuildFile; fileRef = BDB3E3D91B8575D9009CEA50 /* main.m */; };
		BDB3E3DD1B8575D9009CEA50 /* AppDelegate.m in Sources */ = {isa = PBXBuildFile; fileRef = BDB3E3DC1B8575D9009CEA50 /* AppDelegate.m */; };
		BDB3E3E01B8575D9009CEA50 /* TestPayZapp.xcdatamodeld in Sources */ = {isa = PBXBuildFile; fileRef = BDB3E3DE1B8575D9009CEA50 /* TestPayZapp.xcdatamodeld */; };
		BDB3E3E31B8575D9009CEA50 /* ViewController.m in Sources */ = {isa = PBXBuildFile; fileRef = BDB3E3E21B8575D9009CEA50 /* ViewController.m */; };
		BDB3E3E81B8575D9009CEA50 /* Images.xcassets in Resources */ = {isa = PBXBuildFile; fileRef = BDB3E3E71B8575D9009CEA50 /* Images.xcassets */; };
		BDB3E3EB1B8575D9009CEA50 /* LaunchScreen.xib in Resources */ = {isa = PBXBuildFile; fileRef = BDB3E3E91B8575D9009CEA50 /* LaunchScreen.xib */; };
		BDB3E3F71B8575D9009CEA50 /* TestPayZappTests.m in Sources */ = {isa = PBXBuildFile; fileRef = BDB3E3F61B8575D9009CEA50 /* TestPayZappTests.m */; };
/* End PBXBuildFile section */

/* Begin PBXContainerItemProxy section */
		BDB3E3F11B8575D9009CEA50 /* PBXContainerItemProxy */ = {
			isa = PBXContainerItemProxy;
			containerPortal = BDB3E3CC1B8575D9009CEA50 /* Project object */;
			proxyType = 1;
			remoteGlobalIDString = BDB3E3D31B8575D9009CEA50;
			remoteInfo = TestPayZapp;
		};
/* End PBXContainerItemProxy section */

/* Begin PBXCopyFilesBuildPhase section */
		B7A251A720C006D50016371B /* Embed Frameworks */ = {
			isa = PBXCopyFilesBuildPhase;
			buildActionMask = 2147483647;
			dstPath = "";
			dstSubfolderSpec = 10;
			files = (
			);
			name = "Embed Frameworks";
			runOnlyForDeploymentPostprocessing = 0;
		};
/* End PBXCopyFilesBuildPhase section */

/* Begin PBXFileReference section */
		07B768DE727EE9E4AC2D9095 /* Pods-TestPayZappStaging.distribution.xcconfig */ = {isa = PBXFileReference; includeInIndex = 1; lastKnownFileType = text.xcconfig; name = "Pods-TestPayZappStaging.distribution.xcconfig"; path = "Pods/Target Support Files/Pods-TestPayZappStaging/Pods-TestPayZappStaging.distribution.xcconfig"; sourceTree = "<group>"; };
		3BBA636701AE9FAB82CA100E /* Pods-TestPayZappStagingTests.release.xcconfig */ = {isa = PBXFileReference; includeInIndex = 1; lastKnownFileType = text.xcconfig; name = "Pods-TestPayZappStagingTests.release.xcconfig"; path = "Pods/Target Support Files/Pods-TestPayZappStagingTests/Pods-TestPayZappStagingTests.release.xcconfig"; sourceTree = "<group>"; };
		43FD772844A918070797D5FC /* Pods-TestPayZappStaging.release.xcconfig */ = {isa = PBXFileReference; includeInIndex = 1; lastKnownFileType = text.xcconfig; name = "Pods-TestPayZappStaging.release.xcconfig"; path = "Pods/Target Support Files/Pods-TestPayZappStaging/Pods-TestPayZappStaging.release.xcconfig"; sourceTree = "<group>"; };
		6D6544EE9EB8BE503EF04625 /* Pods-TestPayZappStagingTests.debug.xcconfig */ = {isa = PBXFileReference; includeInIndex = 1; lastKnownFileType = text.xcconfig; name = "Pods-TestPayZappStagingTests.debug.xcconfig"; path = "Pods/Target Support Files/Pods-TestPayZappStagingTests/Pods-TestPayZappStagingTests.debug.xcconfig"; sourceTree = "<group>"; };
		7EA65795882059816920AF34 /* Pods-TestPayZappStagingTests.distribution.xcconfig */ = {isa = PBXFileReference; includeInIndex = 1; lastKnownFileType = text.xcconfig; name = "Pods-TestPayZappStagingTests.distribution.xcconfig"; path = "Pods/Target Support Files/Pods-TestPayZappStagingTests/Pods-TestPayZappStagingTests.distribution.xcconfig"; sourceTree = "<group>"; };
		8141FE611D6C36180077693F /* Main.storyboard */ = {isa = PBXFileReference; fileEncoding = 4; lastKnownFileType = file.storyboard; path = Main.storyboard; sourceTree = "<group>"; };
		81F6CD311BB3D63700073360 /* Info.plist */ = {isa = PBXFileReference; fileEncoding = 4; lastKnownFileType = text.plist.xml; path = Info.plist; sourceTree = "<group>"; };
		AD16D54B4D9C1D86EA3BBC4D /* Pods_TestPayZappStaging.framework */ = {isa = PBXFileReference; explicitFileType = wrapper.framework; includeInIndex = 0; path = Pods_TestPayZappStaging.framework; sourceTree = BUILT_PRODUCTS_DIR; };
		ADF5C3B699EBCFBF9D6E8130 /* Pods-TestPayZappStaging.debug.xcconfig */ = {isa = PBXFileReference; includeInIndex = 1; lastKnownFileType = text.xcconfig; name = "Pods-TestPayZappStaging.debug.xcconfig"; path = "Pods/Target Support Files/Pods-TestPayZappStaging/Pods-TestPayZappStaging.debug.xcconfig"; sourceTree = "<group>"; };
		BDB3E3D41B8575D9009CEA50 /* TestPayZappStaging.app */ = {isa = PBXFileReference; explicitFileType = wrapper.application; includeInIndex = 0; path = TestPayZappStaging.app; sourceTree = BUILT_PRODUCTS_DIR; };
		BDB3E3D91B8575D9009CEA50 /* main.m */ = {isa = PBXFileReference; lastKnownFileType = sourcecode.c.objc; path = main.m; sourceTree = "<group>"; };
		BDB3E3DB1B8575D9009CEA50 /* AppDelegate.h */ = {isa = PBXFileReference; indentWidth = 5; lastKnownFileType = sourcecode.c.h; path = AppDelegate.h; sourceTree = "<group>"; };
		BDB3E3DC1B8575D9009CEA50 /* AppDelegate.m */ = {isa = PBXFileReference; lastKnownFileType = sourcecode.c.objc; path = AppDelegate.m; sourceTree = "<group>"; };
		BDB3E3DF1B8575D9009CEA50 /* TestPayZapp.xcdatamodel */ = {isa = PBXFileReference; lastKnownFileType = wrapper.xcdatamodel; path = TestPayZapp.xcdatamodel; sourceTree = "<group>"; };
		BDB3E3E11B8575D9009CEA50 /* ViewController.h */ = {isa = PBXFileReference; lastKnownFileType = sourcecode.c.h; path = ViewController.h; sourceTree = "<group>"; };
		BDB3E3E21B8575D9009CEA50 /* ViewController.m */ = {isa = PBXFileReference; lastKnownFileType = sourcecode.c.objc; path = ViewController.m; sourceTree = "<group>"; };
		BDB3E3E71B8575D9009CEA50 /* Images.xcassets */ = {isa = PBXFileReference; lastKnownFileType = folder.assetcatalog; path = Images.xcassets; sourceTree = "<group>"; };
		BDB3E3EA1B8575D9009CEA50 /* Base */ = {isa = PBXFileReference; lastKnownFileType = file.xib; name = Base; path = Base.lproj/LaunchScreen.xib; sourceTree = "<group>"; };
		BDB3E3F01B8575D9009CEA50 /* TestPayZappStaging.xctest */ = {isa = PBXFileReference; explicitFileType = wrapper.cfbundle; includeInIndex = 0; path = TestPayZappStaging.xctest; sourceTree = BUILT_PRODUCTS_DIR; };
		BDB3E3F51B8575D9009CEA50 /* Info.plist */ = {isa = PBXFileReference; lastKnownFileType = text.plist.xml; path = Info.plist; sourceTree = "<group>"; };
		BDB3E3F61B8575D9009CEA50 /* TestPayZappTests.m */ = {isa = PBXFileReference; lastKnownFileType = sourcecode.c.objc; path = TestPayZappTests.m; sourceTree = "<group>"; };
		EB04BFC95C5BFAB9BA41E8A3 /* Pods_TestPayZappStagingTests.framework */ = {isa = PBXFileReference; explicitFileType = wrapper.framework; includeInIndex = 0; path = Pods_TestPayZappStagingTests.framework; sourceTree = BUILT_PRODUCTS_DIR; };
/* End PBXFileReference section */

/* Begin PBXFrameworksBuildPhase section */
		BDB3E3D11B8575D9009CEA50 /* Frameworks */ = {
			isa = PBXFrameworksBuildPhase;
			buildActionMask = 2147483647;
			files = (
				2B32F39149933C7E930E4ABA /* Pods_TestPayZappStaging.framework in Frameworks */,
			);
			runOnlyForDeploymentPostprocessing = 0;
		};
		BDB3E3ED1B8575D9009CEA50 /* Frameworks */ = {
			isa = PBXFrameworksBuildPhase;
			buildActionMask = 2147483647;
			files = (
				7895C822DED9DCBB73B23888 /* Pods_TestPayZappStagingTests.framework in Frameworks */,
			);
			runOnlyForDeploymentPostprocessing = 0;
		};
/* End PBXFrameworksBuildPhase section */

/* Begin PBXGroup section */
		94AD2D05C1C320DFC04879B8 /* Pods */ = {
			isa = PBXGroup;
			children = (
				ADF5C3B699EBCFBF9D6E8130 /* Pods-TestPayZappStaging.debug.xcconfig */,
				43FD772844A918070797D5FC /* Pods-TestPayZappStaging.release.xcconfig */,
				07B768DE727EE9E4AC2D9095 /* Pods-TestPayZappStaging.distribution.xcconfig */,
				6D6544EE9EB8BE503EF04625 /* Pods-TestPayZappStagingTests.debug.xcconfig */,
				3BBA636701AE9FAB82CA100E /* Pods-TestPayZappStagingTests.release.xcconfig */,
				7EA65795882059816920AF34 /* Pods-TestPayZappStagingTests.distribution.xcconfig */,
			);
			name = Pods;
			sourceTree = "<group>";
		};
		A023F065BC7C9668502B06A8 /* Frameworks */ = {
			isa = PBXGroup;
			children = (
				AD16D54B4D9C1D86EA3BBC4D /* Pods_TestPayZappStaging.framework */,
				EB04BFC95C5BFAB9BA41E8A3 /* Pods_TestPayZappStagingTests.framework */,
			);
			name = Frameworks;
			sourceTree = "<group>";
		};
		BDB3E3CB1B8575D9009CEA50 = {
			isa = PBXGroup;
			children = (
				BDB3E3D61B8575D9009CEA50 /* TestPayZapp */,
				BDB3E3F31B8575D9009CEA50 /* TestPayZappTests */,
				BDB3E3D51B8575D9009CEA50 /* Products */,
				94AD2D05C1C320DFC04879B8 /* Pods */,
				A023F065BC7C9668502B06A8 /* Frameworks */,
			);
			sourceTree = "<group>";
		};
		BDB3E3D51B8575D9009CEA50 /* Products */ = {
			isa = PBXGroup;
			children = (
				BDB3E3D41B8575D9009CEA50 /* TestPayZappStaging.app */,
				BDB3E3F01B8575D9009CEA50 /* TestPayZappStaging.xctest */,
			);
			name = Products;
			sourceTree = "<group>";
		};
		BDB3E3D61B8575D9009CEA50 /* TestPayZapp */ = {
			isa = PBXGroup;
			children = (
				BDB3E3DB1B8575D9009CEA50 /* AppDelegate.h */,
				BDB3E3DC1B8575D9009CEA50 /* AppDelegate.m */,
				BDB3E3E11B8575D9009CEA50 /* ViewController.h */,
				BDB3E3E21B8575D9009CEA50 /* ViewController.m */,
				8141FE611D6C36180077693F /* Main.storyboard */,
				BDB3E3E71B8575D9009CEA50 /* Images.xcassets */,
				BDB3E3E91B8575D9009CEA50 /* LaunchScreen.xib */,
				BDB3E3DE1B8575D9009CEA50 /* TestPayZapp.xcdatamodeld */,
				BDB3E3D71B8575D9009CEA50 /* Supporting Files */,
			);
			path = TestPayZapp;
			sourceTree = "<group>";
		};
		BDB3E3D71B8575D9009CEA50 /* Supporting Files */ = {
			isa = PBXGroup;
			children = (
				BDB3E3D91B8575D9009CEA50 /* main.m */,
				81F6CD311BB3D63700073360 /* Info.plist */,
			);
			name = "Supporting Files";
			sourceTree = "<group>";
		};
		BDB3E3F31B8575D9009CEA50 /* TestPayZappTests */ = {
			isa = PBXGroup;
			children = (
				BDB3E3F61B8575D9009CEA50 /* TestPayZappTests.m */,
				BDB3E3F41B8575D9009CEA50 /* Supporting Files */,
			);
			path = TestPayZappTests;
			sourceTree = "<group>";
		};
		BDB3E3F41B8575D9009CEA50 /* Supporting Files */ = {
			isa = PBXGroup;
			children = (
				BDB3E3F51B8575D9009CEA50 /* Info.plist */,
			);
			name = "Supporting Files";
			sourceTree = "<group>";
		};
/* End PBXGroup section */

/* Begin PBXNativeTarget section */
		BDB3E3D31B8575D9009CEA50 /* TestPayZappStaging */ = {
			isa = PBXNativeTarget;
			buildConfigurationList = BDB3E3FA1B8575D9009CEA50 /* Build configuration list for PBXNativeTarget "TestPayZappStaging" */;
			buildPhases = (
				CFC5EA2B0654374668681E26 /* [CP] Check Pods Manifest.lock */,
				BDB3E3D01B8575D9009CEA50 /* Sources */,
				BDB3E3D11B8575D9009CEA50 /* Frameworks */,
				BDB3E3D21B8575D9009CEA50 /* Resources */,
				B7A251A720C006D50016371B /* Embed Frameworks */,
				D5F8B5A7F5CC82B57D8E4FBB /* [CP] Embed Pods Frameworks */,
			);
			buildRules = (
			);
			dependencies = (
			);
			name = TestPayZappStaging;
			productName = TestPayZapp;
			productReference = BDB3E3D41B8575D9009CEA50 /* TestPayZappStaging.app */;
			productType = "com.apple.product-type.application";
		};
		BDB3E3EF1B8575D9009CEA50 /* TestPayZappStagingTests */ = {
			isa = PBXNativeTarget;
			buildConfigurationList = BDB3E3FD1B8575D9009CEA50 /* Build configuration list for PBXNativeTarget "TestPayZappStagingTests" */;
			buildPhases = (
				FF7637AD472A27B89E3C9981 /* [CP] Check Pods Manifest.lock */,
				BDB3E3EC1B8575D9009CEA50 /* Sources */,
				BDB3E3ED1B8575D9009CEA50 /* Frameworks */,
				BDB3E3EE1B8575D9009CEA50 /* Resources */,
			);
			buildRules = (
			);
			dependencies = (
				BDB3E3F21B8575D9009CEA50 /* PBXTargetDependency */,
			);
			name = TestPayZappStagingTests;
			productName = TestPayZappTests;
			productReference = BDB3E3F01B8575D9009CEA50 /* TestPayZappStaging.xctest */;
			productType = "com.apple.product-type.bundle.unit-test";
		};
/* End PBXNativeTarget section */

/* Begin PBXProject section */
		BDB3E3CC1B8575D9009CEA50 /* Project object */ = {
			isa = PBXProject;
			attributes = {
				LastUpgradeCheck = 0710;
				ORGANIZATIONNAME = WIBMO;
				TargetAttributes = {
					BDB3E3D31B8575D9009CEA50 = {
						CreatedOnToolsVersion = 6.4;
						DevelopmentTeam = 2GCMC8WV23;
						ProvisioningStyle = Automatic;
					};
					BDB3E3EF1B8575D9009CEA50 = {
						CreatedOnToolsVersion = 6.4;
						DevelopmentTeam = 2GCMC8WV23;
						TestTargetID = BDB3E3D31B8575D9009CEA50;
					};
				};
			};
			buildConfigurationList = BDB3E3CF1B8575D9009CEA50 /* Build configuration list for PBXProject "TestPayZappStaging" */;
			compatibilityVersion = "Xcode 3.2";
			developmentRegion = English;
			hasScannedForEncodings = 0;
			knownRegions = (
				en,
				Base,
			);
			mainGroup = BDB3E3CB1B8575D9009CEA50;
			productRefGroup = BDB3E3D51B8575D9009CEA50 /* Products */;
			projectDirPath = "";
			projectRoot = "";
			targets = (
				BDB3E3D31B8575D9009CEA50 /* TestPayZappStaging */,
				BDB3E3EF1B8575D9009CEA50 /* TestPayZappStagingTests */,
			);
		};
/* End PBXProject section */

/* Begin PBXResourcesBuildPhase section */
		BDB3E3D21B8575D9009CEA50 /* Resources */ = {
			isa = PBXResourcesBuildPhase;
			buildActionMask = 2147483647;
			files = (
				8141FE621D6C36180077693F /* Main.storyboard in Resources */,
				BDB3E3EB1B8575D9009CEA50 /* LaunchScreen.xib in Resources */,
				BDB3E3E81B8575D9009CEA50 /* Images.xcassets in Resources */,
			);
			runOnlyForDeploymentPostprocessing = 0;
		};
		BDB3E3EE1B8575D9009CEA50 /* Resources */ = {
			isa = PBXResourcesBuildPhase;
			buildActionMask = 2147483647;
			files = (
			);
			runOnlyForDeploymentPostprocessing = 0;
		};
/* End PBXResourcesBuildPhase section */

/* Begin PBXShellScriptBuildPhase section */
		CFC5EA2B0654374668681E26 /* [CP] Check Pods Manifest.lock */ = {
			isa = PBXShellScriptBuildPhase;
			buildActionMask = 2147483647;
			files = (
			);
			inputPaths = (
				"${PODS_PODFILE_DIR_PATH}/Podfile.lock",
				"${PODS_ROOT}/Manifest.lock",
			);
			name = "[CP] Check Pods Manifest.lock";
			outputPaths = (
				"$(DERIVED_FILE_DIR)/Pods-TestPayZappStaging-checkManifestLockResult.txt",
			);
			runOnlyForDeploymentPostprocessing = 0;
			shellPath = /bin/sh;
			shellScript = "diff \"${PODS_PODFILE_DIR_PATH}/Podfile.lock\" \"${PODS_ROOT}/Manifest.lock\" > /dev/null\nif [ $? != 0 ] ; then\n    # print error to STDERR\n    echo \"error: The sandbox is not in sync with the Podfile.lock. Run 'pod install' or update your CocoaPods installation.\" >&2\n    exit 1\nfi\n# This output is used by Xcode 'outputs' to avoid re-running this script phase.\necho \"SUCCESS\" > \"${SCRIPT_OUTPUT_FILE_0}\"\n";
			showEnvVarsInLog = 0;
		};
		D5F8B5A7F5CC82B57D8E4FBB /* [CP] Embed Pods Frameworks */ = {
			isa = PBXShellScriptBuildPhase;
			buildActionMask = 2147483647;
			files = (
			);
			inputPaths = (
				"${SRCROOT}/Pods/Target Support Files/Pods-TestPayZappStaging/Pods-TestPayZappStaging-frameworks.sh",
				"${PODS_ROOT}/wibmo-sdk/WibmoSDK.framework",
			);
			name = "[CP] Embed Pods Frameworks";
			outputPaths = (
				"${TARGET_BUILD_DIR}/${FRAMEWORKS_FOLDER_PATH}/WibmoSDK.framework",
			);
			runOnlyForDeploymentPostprocessing = 0;
			shellPath = /bin/sh;
			shellScript = "\"${SRCROOT}/Pods/Target Support Files/Pods-TestPayZappStaging/Pods-TestPayZappStaging-frameworks.sh\"\n";
			showEnvVarsInLog = 0;
		};
		FF7637AD472A27B89E3C9981 /* [CP] Check Pods Manifest.lock */ = {
			isa = PBXShellScriptBuildPhase;
			buildActionMask = 2147483647;
			files = (
			);
			inputPaths = (
				"${PODS_PODFILE_DIR_PATH}/Podfile.lock",
				"${PODS_ROOT}/Manifest.lock",
			);
			name = "[CP] Check Pods Manifest.lock";
			outputPaths = (
				"$(DERIVED_FILE_DIR)/Pods-TestPayZappStagingTests-checkManifestLockResult.txt",
			);
			runOnlyForDeploymentPostprocessing = 0;
			shellPath = /bin/sh;
			shellScript = "diff \"${PODS_PODFILE_DIR_PATH}/Podfile.lock\" \"${PODS_ROOT}/Manifest.lock\" > /dev/null\nif [ $? != 0 ] ; then\n    # print error to STDERR\n    echo \"error: The sandbox is not in sync with the Podfile.lock. Run 'pod install' or update your CocoaPods installation.\" >&2\n    exit 1\nfi\n# This output is used by Xcode 'outputs' to avoid re-running this script phase.\necho \"SUCCESS\" > \"${SCRIPT_OUTPUT_FILE_0}\"\n";
			showEnvVarsInLog = 0;
		};
/* End PBXShellScriptBuildPhase section */

/* Begin PBXSourcesBuildPhase section */
		BDB3E3D01B8575D9009CEA50 /* Sources */ = {
			isa = PBXSourcesBuildPhase;
			buildActionMask = 2147483647;
			files = (
				BDB3E3E01B8575D9009CEA50 /* TestPayZapp.xcdatamodeld in Sources */,
				BDB3E3DD1B8575D9009CEA50 /* AppDelegate.m in Sources */,
				BDB3E3E31B8575D9009CEA50 /* ViewController.m in Sources */,
				BDB3E3DA1B8575D9009CEA50 /* main.m in Sources */,
			);
			runOnlyForDeploymentPostprocessing = 0;
		};
		BDB3E3EC1B8575D9009CEA50 /* Sources */ = {
			isa = PBXSourcesBuildPhase;
			buildActionMask = 2147483647;
			files = (
				BDB3E3F71B8575D9009CEA50 /* TestPayZappTests.m in Sources */,
			);
			runOnlyForDeploymentPostprocessing = 0;
		};
/* End PBXSourcesBuildPhase section */

/* Begin PBXTargetDependency section */
		BDB3E3F21B8575D9009CEA50 /* PBXTargetDependency */ = {
			isa = PBXTargetDependency;
			target = BDB3E3D31B8575D9009CEA50 /* TestPayZappStaging */;
			targetProxy = BDB3E3F11B8575D9009CEA50 /* PBXContainerItemProxy */;
		};
/* End PBXTargetDependency section */

/* Begin PBXVariantGroup section */
		BDB3E3E91B8575D9009CEA50 /* LaunchScreen.xib */ = {
			isa = PBXVariantGroup;
			children = (
				BDB3E3EA1B8575D9009CEA50 /* Base */,
			);
			name = LaunchScreen.xib;
			sourceTree = "<group>";
		};
/* End PBXVariantGroup section */

/* Begin XCBuildConfiguration section */
		81C0629C1B91A09500836802 /* Distribution */ = {
			isa = XCBuildConfiguration;
			buildSettings = {
				ALWAYS_SEARCH_USER_PATHS = NO;
				CLANG_CXX_LANGUAGE_STANDARD = "gnu++0x";
				CLANG_CXX_LIBRARY = "libc++";
				CLANG_ENABLE_MODULES = YES;
				CLANG_ENABLE_OBJC_ARC = YES;
				CLANG_WARN_BOOL_CONVERSION = YES;
				CLANG_WARN_CONSTANT_CONVERSION = YES;
				CLANG_WARN_DIRECT_OBJC_ISA_USAGE = YES_ERROR;
				CLANG_WARN_EMPTY_BODY = YES;
				CLANG_WARN_ENUM_CONVERSION = YES;
				CLANG_WARN_INT_CONVERSION = YES;
				CLANG_WARN_OBJC_ROOT_CLASS = YES_ERROR;
				CLANG_WARN_UNREACHABLE_CODE = YES;
				CLANG_WARN__DUPLICATE_METHOD_MATCH = YES;
				CODE_SIGN_IDENTITY = "iPhone Developer";
				"CODE_SIGN_IDENTITY[sdk=iphoneos*]" = "iPhone Developer";
				COPY_PHASE_STRIP = NO;
				DEBUG_INFORMATION_FORMAT = "dwarf-with-dsym";
				ENABLE_BITCODE = NO;
				ENABLE_NS_ASSERTIONS = NO;
				ENABLE_STRICT_OBJC_MSGSEND = YES;
				GCC_C_LANGUAGE_STANDARD = gnu99;
				GCC_NO_COMMON_BLOCKS = YES;
				GCC_WARN_64_TO_32_BIT_CONVERSION = YES;
				GCC_WARN_ABOUT_RETURN_TYPE = YES_ERROR;
				GCC_WARN_UNDECLARED_SELECTOR = YES;
				GCC_WARN_UNINITIALIZED_AUTOS = YES_AGGRESSIVE;
				GCC_WARN_UNUSED_FUNCTION = YES;
				GCC_WARN_UNUSED_VARIABLE = YES;
				IPHONEOS_DEPLOYMENT_TARGET = 8.4;
				MTL_ENABLE_DEBUG_INFO = NO;
				OTHER_CFLAGS = "";
				PROVISIONING_PROFILE = "";
				SDKROOT = iphoneos;
				VALIDATE_PRODUCT = YES;
			};
			name = Distribution;
		};
		81C0629D1B91A09500836802 /* Distribution */ = {
			isa = XCBuildConfiguration;
			baseConfigurationReference = 07B768DE727EE9E4AC2D9095 /* Pods-TestPayZappStaging.distribution.xcconfig */;
			buildSettings = {
				ASSETCATALOG_COMPILER_APPICON_NAME = AppIcon;
				CODE_SIGN_IDENTITY = "iPhone Developer";
				"CODE_SIGN_IDENTITY[sdk=iphoneos*]" = "iPhone Developer";
				DEVELOPMENT_TEAM = "";
				ENABLE_BITCODE = YES;
				FRAMEWORK_SEARCH_PATHS = (
					"$(inherited)",
					"$(PROJECT_DIR)",
				);
				INFOPLIST_FILE = TestPayZapp/Info.plist;
				IPHONEOS_DEPLOYMENT_TARGET = 8.0;
				LD_RUNPATH_SEARCH_PATHS = "$(inherited) @executable_path/Frameworks";
				LIBRARY_SEARCH_PATHS = (
					"$(inherited)",
					"$(USER_LIBRARY_DIR)/Developer/Xcode/DerivedData/PayZapp-exrzvugnzyfuqoawyrfpjhihcaox/Build/Products/Debug-iphoneos",
					"$(PROJECT_DIR)/TestPayZapp/include/WibmoSDK",
					"$(PROJECT_DIR)/TestPayZapp",
					"$(PROJECT_DIR)/TestPayZapp/include",
					"$(PROJECT_DIR)/WibmoSDK/GoogleAnalytics",
				);
				ONLY_ACTIVE_ARCH = NO;
				PRODUCT_BUNDLE_IDENTIFIER = com.enstage.hdfc.staging.TestPayZapp;
				PRODUCT_NAME = TestPayZappStaging;
				PROVISIONING_PROFILE = "";
				VALID_ARCHS = "arm64 armv7 armv7s";
			};
			name = Distribution;
		};
		81C0629E1B91A09500836802 /* Distribution */ = {
			isa = XCBuildConfiguration;
			baseConfigurationReference = 7EA65795882059816920AF34 /* Pods-TestPayZappStagingTests.distribution.xcconfig */;
			buildSettings = {
				BUNDLE_LOADER = "$(TEST_HOST)";
				CODE_SIGN_IDENTITY = "iPhone Developer";
				"CODE_SIGN_IDENTITY[sdk=iphoneos*]" = "iPhone Developer";
				FRAMEWORK_SEARCH_PATHS = (
					"$(SDKROOT)/Developer/Library/Frameworks",
					"$(inherited)",
				);
				INFOPLIST_FILE = TestPayZappTests/Info.plist;
				LD_RUNPATH_SEARCH_PATHS = "$(inherited) @executable_path/Frameworks @loader_path/Frameworks";
				PRODUCT_BUNDLE_IDENTIFIER = "com.wow.$(PRODUCT_NAME:rfc1034identifier)";
				PRODUCT_NAME = TestPayZappStaging;
				PROVISIONING_PROFILE = "";
				TEST_HOST = "$(BUILT_PRODUCTS_DIR)/TestPayZappStaging.app/TestPayZappStaging";
			};
			name = Distribution;
		};
		BDB3E3F81B8575D9009CEA50 /* Debug */ = {
			isa = XCBuildConfiguration;
			buildSettings = {
				ALWAYS_SEARCH_USER_PATHS = NO;
				CLANG_CXX_LANGUAGE_STANDARD = "gnu++0x";
				CLANG_CXX_LIBRARY = "libc++";
				CLANG_ENABLE_MODULES = YES;
				CLANG_ENABLE_OBJC_ARC = YES;
				CLANG_WARN_BOOL_CONVERSION = YES;
				CLANG_WARN_CONSTANT_CONVERSION = YES;
				CLANG_WARN_DIRECT_OBJC_ISA_USAGE = YES_ERROR;
				CLANG_WARN_EMPTY_BODY = YES;
				CLANG_WARN_ENUM_CONVERSION = YES;
				CLANG_WARN_INT_CONVERSION = YES;
				CLANG_WARN_OBJC_ROOT_CLASS = YES_ERROR;
				CLANG_WARN_UNREACHABLE_CODE = YES;
				CLANG_WARN__DUPLICATE_METHOD_MATCH = YES;
				CODE_SIGN_IDENTITY = "iPhone Developer";
				"CODE_SIGN_IDENTITY[sdk=iphoneos*]" = "iPhone Developer";
				COPY_PHASE_STRIP = NO;
				DEBUG_INFORMATION_FORMAT = "dwarf-with-dsym";
				ENABLE_BITCODE = NO;
				ENABLE_STRICT_OBJC_MSGSEND = YES;
				ENABLE_TESTABILITY = YES;
				GCC_C_LANGUAGE_STANDARD = gnu99;
				GCC_DYNAMIC_NO_PIC = NO;
				GCC_NO_COMMON_BLOCKS = YES;
				GCC_OPTIMIZATION_LEVEL = 0;
				GCC_PREPROCESSOR_DEFINITIONS = (
					"DEBUG=1",
					"$(inherited)",
				);
				GCC_SYMBOLS_PRIVATE_EXTERN = NO;
				GCC_WARN_64_TO_32_BIT_CONVERSION = YES;
				GCC_WARN_ABOUT_RETURN_TYPE = YES_ERROR;
				GCC_WARN_UNDECLARED_SELECTOR = YES;
				GCC_WARN_UNINITIALIZED_AUTOS = YES_AGGRESSIVE;
				GCC_WARN_UNUSED_FUNCTION = YES;
				GCC_WARN_UNUSED_VARIABLE = YES;
				IPHONEOS_DEPLOYMENT_TARGET = 8.4;
				MTL_ENABLE_DEBUG_INFO = YES;
				ONLY_ACTIVE_ARCH = YES;
				OTHER_CFLAGS = "";
				PROVISIONING_PROFILE = "";
				SDKROOT = iphoneos;
			};
			name = Debug;
		};
		BDB3E3F91B8575D9009CEA50 /* Release */ = {
			isa = XCBuildConfiguration;
			buildSettings = {
				ALWAYS_SEARCH_USER_PATHS = NO;
				CLANG_CXX_LANGUAGE_STANDARD = "gnu++0x";
				CLANG_CXX_LIBRARY = "libc++";
				CLANG_ENABLE_MODULES = YES;
				CLANG_ENABLE_OBJC_ARC = YES;
				CLANG_WARN_BOOL_CONVERSION = YES;
				CLANG_WARN_CONSTANT_CONVERSION = YES;
				CLANG_WARN_DIRECT_OBJC_ISA_USAGE = YES_ERROR;
				CLANG_WARN_EMPTY_BODY = YES;
				CLANG_WARN_ENUM_CONVERSION = YES;
				CLANG_WARN_INT_CONVERSION = YES;
				CLANG_WARN_OBJC_ROOT_CLASS = YES_ERROR;
				CLANG_WARN_UNREACHABLE_CODE = YES;
				CLANG_WARN__DUPLICATE_METHOD_MATCH = YES;
				CODE_SIGN_IDENTITY = "iPhone Developer";
				"CODE_SIGN_IDENTITY[sdk=iphoneos*]" = "iPhone Developer";
				COPY_PHASE_STRIP = NO;
				DEBUG_INFORMATION_FORMAT = "dwarf-with-dsym";
				ENABLE_BITCODE = NO;
				ENABLE_NS_ASSERTIONS = NO;
				ENABLE_STRICT_OBJC_MSGSEND = YES;
				GCC_C_LANGUAGE_STANDARD = gnu99;
				GCC_NO_COMMON_BLOCKS = YES;
				GCC_WARN_64_TO_32_BIT_CONVERSION = YES;
				GCC_WARN_ABOUT_RETURN_TYPE = YES_ERROR;
				GCC_WARN_UNDECLARED_SELECTOR = YES;
				GCC_WARN_UNINITIALIZED_AUTOS = YES_AGGRESSIVE;
				GCC_WARN_UNUSED_FUNCTION = YES;
				GCC_WARN_UNUSED_VARIABLE = YES;
				IPHONEOS_DEPLOYMENT_TARGET = 8.4;
				MTL_ENABLE_DEBUG_INFO = NO;
				OTHER_CFLAGS = "";
				PROVISIONING_PROFILE = "";
				SDKROOT = iphoneos;
				VALIDATE_PRODUCT = YES;
			};
			name = Release;
		};
		BDB3E3FB1B8575D9009CEA50 /* Debug */ = {
			isa = XCBuildConfiguration;
			baseConfigurationReference = ADF5C3B699EBCFBF9D6E8130 /* Pods-TestPayZappStaging.debug.xcconfig */;
			buildSettings = {
				ASSETCATALOG_COMPILER_APPICON_NAME = AppIcon;
				CODE_SIGN_IDENTITY = "iPhone Developer";
				"CODE_SIGN_IDENTITY[sdk=iphoneos*]" = "iPhone Developer";
				DEVELOPMENT_TEAM = "";
				ENABLE_BITCODE = YES;
				ENABLE_TESTABILITY = YES;
				FRAMEWORK_SEARCH_PATHS = (
					"$(inherited)",
					"$(PROJECT_DIR)",
				);
				GCC_PREFIX_HEADER = "";
				INFOPLIST_FILE = TestPayZapp/Info.plist;
				IPHONEOS_DEPLOYMENT_TARGET = 8.0;
				LD_RUNPATH_SEARCH_PATHS = "$(inherited) @executable_path/Frameworks";
				LIBRARY_SEARCH_PATHS = (
					"$(inherited)",
					"$(USER_LIBRARY_DIR)/Developer/Xcode/DerivedData/PayZapp-exrzvugnzyfuqoawyrfpjhihcaox/Build/Products/Debug-iphoneos",
					"$(PROJECT_DIR)/TestPayZapp/include/WibmoSDK",
					"$(PROJECT_DIR)/TestPayZapp",
					"$(PROJECT_DIR)/TestPayZapp/include",
					"$(PROJECT_DIR)/WibmoSDK/GoogleAnalytics",
				);
				PRODUCT_BUNDLE_IDENTIFIER = com.enstage.hdfc.staging.TestPayZapp;
				PRODUCT_NAME = TestPayZappStaging;
				PROVISIONING_PROFILE = "";
				PROVISIONING_PROFILE_SPECIFIER = "";
				VALID_ARCHS = "arm64 armv7 armv7s";
			};
			name = Debug;
		};
		BDB3E3FC1B8575D9009CEA50 /* Release */ = {
			isa = XCBuildConfiguration;
			baseConfigurationReference = 43FD772844A918070797D5FC /* Pods-TestPayZappStaging.release.xcconfig */;
			buildSettings = {
				ASSETCATALOG_COMPILER_APPICON_NAME = AppIcon;
				CODE_SIGN_IDENTITY = "iPhone Developer";
				"CODE_SIGN_IDENTITY[sdk=iphoneos*]" = "iPhone Developer";
				DEVELOPMENT_TEAM = "";
				ENABLE_BITCODE = YES;
				FRAMEWORK_SEARCH_PATHS = (
					"$(inherited)",
					"$(PROJECT_DIR)",
				);
				GCC_PREFIX_HEADER = "";
				"GCC_WARN_64_TO_32_BIT_CONVERSION[arch=*64]" = YES;
				INFOPLIST_FILE = TestPayZapp/Info.plist;
				IPHONEOS_DEPLOYMENT_TARGET = 8.0;
				LD_RUNPATH_SEARCH_PATHS = "$(inherited) @executable_path/Frameworks";
				LIBRARY_SEARCH_PATHS = (
					"$(inherited)",
					"$(USER_LIBRARY_DIR)/Developer/Xcode/DerivedData/PayZapp-exrzvugnzyfuqoawyrfpjhihcaox/Build/Products/Debug-iphoneos",
					"$(PROJECT_DIR)/TestPayZapp/include/WibmoSDK",
					"$(PROJECT_DIR)/TestPayZapp",
					"$(PROJECT_DIR)/TestPayZapp/include",
					"$(PROJECT_DIR)/WibmoSDK/GoogleAnalytics",
				);
				MTL_ENABLE_DEBUG_INFO = NO;
				ONLY_ACTIVE_ARCH = NO;
				PRODUCT_BUNDLE_IDENTIFIER = com.enstage.hdfc.staging.TestPayZapp;
				PRODUCT_NAME = TestPayZappStaging;
				PROVISIONING_PROFILE = "";
				PROVISIONING_PROFILE_SPECIFIER = "";
				VALID_ARCHS = "arm64 armv7 armv7s";
			};
			name = Release;
		};
		BDB3E3FE1B8575D9009CEA50 /* Debug */ = {
			isa = XCBuildConfiguration;
			baseConfigurationReference = 6D6544EE9EB8BE503EF04625 /* Pods-TestPayZappStagingTests.debug.xcconfig */;
			buildSettings = {
				BUNDLE_LOADER = "$(TEST_HOST)";
				CODE_SIGN_IDENTITY = "iPhone Developer";
				"CODE_SIGN_IDENTITY[sdk=iphoneos*]" = "iPhone Developer";
				FRAMEWORK_SEARCH_PATHS = (
					"$(SDKROOT)/Developer/Library/Frameworks",
					"$(inherited)",
				);
				GCC_PREPROCESSOR_DEFINITIONS = (
					"DEBUG=1",
					"$(inherited)",
				);
				INFOPLIST_FILE = TestPayZappTests/Info.plist;
				LD_RUNPATH_SEARCH_PATHS = "$(inherited) @executable_path/Frameworks @loader_path/Frameworks";
				PRODUCT_BUNDLE_IDENTIFIER = "com.wow.$(PRODUCT_NAME:rfc1034identifier)";
				PRODUCT_NAME = TestPayZappStaging;
				PROVISIONING_PROFILE = "";
				TEST_HOST = "$(BUILT_PRODUCTS_DIR)/TestPayZappStaging.app/TestPayZappStaging";
			};
			name = Debug;
		};
		BDB3E3FF1B8575D9009CEA50 /* Release */ = {
			isa = XCBuildConfiguration;
			baseConfigurationReference = 3BBA636701AE9FAB82CA100E /* Pods-TestPayZappStagingTests.release.xcconfig */;
			buildSettings = {
				BUNDLE_LOADER = "$(TEST_HOST)";
				CODE_SIGN_IDENTITY = "iPhone Developer";
				"CODE_SIGN_IDENTITY[sdk=iphoneos*]" = "iPhone Developer";
				FRAMEWORK_SEARCH_PATHS = (
					"$(SDKROOT)/Developer/Library/Frameworks",
					"$(inherited)",
				);
				INFOPLIST_FILE = TestPayZappTests/Info.plist;
				LD_RUNPATH_SEARCH_PATHS = "$(inherited) @executable_path/Frameworks @loader_path/Frameworks";
				PRODUCT_BUNDLE_IDENTIFIER = "com.wow.$(PRODUCT_NAME:rfc1034identifier)";
				PRODUCT_NAME = TestPayZappStaging;
				PROVISIONING_PROFILE = "";
				TEST_HOST = "$(BUILT_PRODUCTS_DIR)/TestPayZappStaging.app/TestPayZappStaging";
			};
			name = Release;
		};
/* End XCBuildConfiguration section */

/* Begin XCConfigurationList section */
		BDB3E3CF1B8575D9009CEA50 /* Build configuration list for PBXProject "TestPayZappStaging" */ = {
			isa = XCConfigurationList;
			buildConfigurations = (
				BDB3E3F81B8575D9009CEA50 /* Debug */,
				BDB3E3F91B8575D9009CEA50 /* Release */,
				81C0629C1B91A09500836802 /* Distribution */,
			);
			defaultConfigurationIsVisible = 0;
			defaultConfigurationName = Release;
		};
		BDB3E3FA1B8575D9009CEA50 /* Build configuration list for PBXNativeTarget "TestPayZappStaging" */ = {
			isa = XCConfigurationList;
			buildConfigurations = (
				BDB3E3FB1B8575D9009CEA50 /* Debug */,
				BDB3E3FC1B8575D9009CEA50 /* Release */,
				81C0629D1B91A09500836802 /* Distribution */,
			);
			defaultConfigurationIsVisible = 0;
			defaultConfigurationName = Release;
		};
		BDB3E3FD1B8575D9009CEA50 /* Build configuration list for PBXNativeTarget "TestPayZappStagingTests" */ = {
			isa = XCConfigurationList;
			buildConfigurations = (
				BDB3E3FE1B8575D9009CEA50 /* Debug */,
				BDB3E3FF1B8575D9009CEA50 /* Release */,
				81C0629E1B91A09500836802 /* Distribution */,
			);
			defaultConfigurationIsVisible = 0;
			defaultConfigurationName = Release;
		};
/* End XCConfigurationList section */

/* Begin XCVersionGroup section */
		BDB3E3DE1B8575D9009CEA50 /* TestPayZapp.xcdatamodeld */ = {
			isa = XCVersionGroup;
			children = (
				BDB3E3DF1B8575D9009CEA50 /* TestPayZapp.xcdatamodel */,
			);
			currentVersion = BDB3E3DF1B8575D9009CEA50 /* TestPayZapp.xcdatamodel */;
			path = TestPayZapp.xcdatamodeld;
			sourceTree = "<group>";
			versionGroupType = wrapper.xcdatamodel;
		};
/* End XCVersionGroup section */
	};
	rootObject = BDB3E3CC1B8575D9009CEA50 /* Project object */;
}
