PODS:
  - Alamofire (4.7.3)
  - ProcedureKit/All (4.5.0):
    - ProcedureKit/Cloud
    - ProcedureKit/Location
    - ProcedureKit/Network
  - ProcedureKit/Cloud (4.5.0):
    - ProcedureKit/Standard
  - ProcedureKit/Location (4.5.0):
    - ProcedureKit/Standard
  - ProcedureKit/Network (4.5.0):
    - ProcedureKit/Standard
  - ProcedureKit/Standard (4.5.0)
  - wibmo-analytics (2.0.3):
    - Alamofire (~> 4.7.2)
    - ProcedureKit/All (~> 4.5.0)
  - wibmo-sdk (2.0.2):
    - wibmo-analytics (~> 2.0.3)

DEPENDENCIES:
  - wibmo-sdk (~> 2.0.0)

SPEC REPOS:
  https://github.com/cocoapods/specs.git:
    - Alamofire
    - ProcedureKit
    - wibmo-analytics
    - wibmo-sdk

SPEC CHECKSUMS:
  Alamofire: c7287b6e5d7da964a70935e5db17046b7fde6568
  ProcedureKit: 023e4600e921fe0b8d94f2d19ed680df83aa28ba
  wibmo-analytics: aea40d9a5e32946a50f4ba808cce00b305b93893
  wibmo-sdk: 9164f292c9de08cd87e5b64199960370ad21bc3a

PODFILE CHECKSUM: 607501b9e78643067203c7b7a9f1467d9af83067

COCOAPODS: 1.5.3
